
Microsoft Visual Studio Solution File, Format Version 12.00
# Visual Studio Version 16
VisualStudioVersion = 16.0.30503.244
MinimumVisualStudioVersion = 10.0.40219.1
Project("{FAE04EC0-301F-11D3-BF4B-00C04F79EFBC}") = "WPFTreeView", "WPFTreeView\WPFTreeView.csproj", "{8C9DBD09-0D80-49BA-B73E-72D19419BCEA}"
EndProject
Global
	GlobalSection(SolutionConfigurationPlatforms) = preSolution
		Debug|Any CPU = Debug|Any CPU
		Release|Any CPU = Release|Any CPU
	EndGlobalSection
	GlobalSection(ProjectConfigurationPlatforms) = postSolution
		{8C9DBD09-0D80-49BA-B73E-72D19419BCEA}.Debug|Any CPU.ActiveCfg = Debug|Any CPU
		{8C9DBD09-0D80-49BA-B73E-72D19419BCEA}.Debug|Any CPU.Build.0 = Debug|Any CPU
		{8C9DBD09-0D80-49BA-B73E-72D19419BCEA}.Release|Any CPU.ActiveCfg = Release|Any CPU
		{8C9DBD09-0D80-49BA-B73E-72D19419BCEA}.Release|Any CPU.Build.0 = Release|Any CPU
	EndGlobalSection
	GlobalSection(SolutionProperties) = preSolution
		HideSolutionNode = FALSE
	EndGlobalSection
	GlobalSection(ExtensibilityGlobals) = postSolution
		SolutionGuid = {9A9383B2-AC3F-4CDC-97C7-C22DEB0DF073}
	EndGlobalSection
EndGlobal
